
Microsoft Visual Studio Solution File, Format Version 12.00
# Visual Studio Version 16
VisualStudioVersion = 16.0.30621.155
MinimumVisualStudioVersion = 10.0.40219.1
Project("{FAE04EC0-301F-11D3-BF4B-00C04F79EFBC}") = "Sokool.Net", "Sokool.Net.csproj", "{54D1A7AB-9F1E-4C7A-AAE6-54D809379E6F}"
EndProject
Project("{2150E333-8FDC-42A3-9474-1A3956D46DE8}") = "Solution Items", "Solution Items", "{AE3AC197-72FE-4029-A06F-FD443D0A01E0}"
	ProjectSection(SolutionItems) = preProject
		DeveloperNotes.txt = DeveloperNotes.txt
		README.md = README.md
	EndProjectSection
EndProject
Global
	GlobalSection(SolutionConfigurationPlatforms) = preSolution
		Debug|Any CPU = Debug|Any CPU
		Release|Any CPU = Release|Any CPU
	EndGlobalSection
	GlobalSection(ProjectConfigurationPlatforms) = postSolution
		{54D1A7AB-9F1E-4C7A-AAE6-54D809379E6F}.Debug|Any CPU.ActiveCfg = Debug|Any CPU
		{54D1A7AB-9F1E-4C7A-AAE6-54D809379E6F}.Debug|Any CPU.Build.0 = Debug|Any CPU
		{54D1A7AB-9F1E-4C7A-AAE6-54D809379E6F}.Release|Any CPU.ActiveCfg = Release|Any CPU
		{54D1A7AB-9F1E-4C7A-AAE6-54D809379E6F}.Release|Any CPU.Build.0 = Release|Any CPU
	EndGlobalSection
	GlobalSection(SolutionProperties) = preSolution
		HideSolutionNode = FALSE
	EndGlobalSection
	GlobalSection(ExtensibilityGlobals) = postSolution
		SolutionGuid = {67BAFDB1-CEB6-4251-B205-2132A05235D6}
	EndGlobalSection
EndGlobal
